version = 1
revision = 1
requires-python = ">=3.12"

[[package]]
name = "colorama"
version = "0.4.6"
source = { registry = "https://pypi.org/simple" }
sdist = { url = "https://files.pythonhosted.org/packages/d8/53/6f443c9a4a8358a93a6792e2acffb9d9d5cb0a5cfd8802644b7b1c9a02e4/colorama-0.4.6.tar.gz", hash = "sha256:08695f5cb7ed6e0531a20572697297273c47b8cae5a63ffc6d6ed5c201be6e44", size = 27697 }
wheels = [
    { url = "https://files.pythonhosted.org/packages/d1/d6/3965ed04c63042e047cb6a3e6ed1a63a35087b6a609aa3a15ed8ac56c221/colorama-0.4.6-py2.py3-none-any.whl", hash = "sha256:4f1d9991f5acc0ca119f9d443620b77f9d6b33703e51011c16baf57afb285fc6", size = 25335 },
]

[[package]]
name = "coverage"
version = "7.8.2"
source = { registry = "https://pypi.org/simple" }
sdist = { url = "https://files.pythonhosted.org/packages/ba/07/998afa4a0ecdf9b1981ae05415dad2d4e7716e1b1f00abbd91691ac09ac9/coverage-7.8.2.tar.gz", hash = "sha256:a886d531373a1f6ff9fad2a2ba4a045b68467b779ae729ee0b3b10ac20033b27", size = 812759 }
wheels = [
    { url = "https://files.pythonhosted.org/packages/8d/2a/1da1ada2e3044fcd4a3254fb3576e160b8fe5b36d705c8a31f793423f763/coverage-7.8.2-cp312-cp312-macosx_10_13_x86_64.whl", hash = "sha256:e2f6fe3654468d061942591aef56686131335b7a8325684eda85dacdf311356c", size = 211876 },
    { url = "https://files.pythonhosted.org/packages/70/e9/3d715ffd5b6b17a8be80cd14a8917a002530a99943cc1939ad5bb2aa74b9/coverage-7.8.2-cp312-cp312-macosx_11_0_arm64.whl", hash = "sha256:76090fab50610798cc05241bf83b603477c40ee87acd358b66196ab0ca44ffa1", size = 212130 },
    { url = "https://files.pythonhosted.org/packages/a0/02/fdce62bb3c21649abfd91fbdcf041fb99be0d728ff00f3f9d54d97ed683e/coverage-7.8.2-cp312-cp312-manylinux_2_17_aarch64.manylinux2014_aarch64.whl", hash = "sha256:2bd0a0a5054be160777a7920b731a0570284db5142abaaf81bcbb282b8d99279", size = 246176 },
    { url = "https://files.pythonhosted.org/packages/a7/52/decbbed61e03b6ffe85cd0fea360a5e04a5a98a7423f292aae62423b8557/coverage-7.8.2-cp312-cp312-manylinux_2_5_i686.manylinux1_i686.manylinux_2_17_i686.manylinux2014_i686.whl", hash = "sha256:da23ce9a3d356d0affe9c7036030b5c8f14556bd970c9b224f9c8205505e3b99", size = 243068 },
    { url = "https://files.pythonhosted.org/packages/38/6c/d0e9c0cce18faef79a52778219a3c6ee8e336437da8eddd4ab3dbd8fadff/coverage-7.8.2-cp312-cp312-manylinux_2_5_x86_64.manylinux1_x86_64.manylinux_2_17_x86_64.manylinux2014_x86_64.whl", hash = "sha256:c9392773cffeb8d7e042a7b15b82a414011e9d2b5fdbbd3f7e6a6b17d5e21b20", size = 245328 },
    { url = "https://files.pythonhosted.org/packages/f0/70/f703b553a2f6b6c70568c7e398ed0789d47f953d67fbba36a327714a7bca/coverage-7.8.2-cp312-cp312-musllinux_1_2_aarch64.whl", hash = "sha256:876cbfd0b09ce09d81585d266c07a32657beb3eaec896f39484b631555be0fe2", size = 245099 },
    { url = "https://files.pythonhosted.org/packages/ec/fb/4cbb370dedae78460c3aacbdad9d249e853f3bc4ce5ff0e02b1983d03044/coverage-7.8.2-cp312-cp312-musllinux_1_2_i686.whl", hash = "sha256:3da9b771c98977a13fbc3830f6caa85cae6c9c83911d24cb2d218e9394259c57", size = 243314 },
    { url = "https://files.pythonhosted.org/packages/39/9f/1afbb2cb9c8699b8bc38afdce00a3b4644904e6a38c7bf9005386c9305ec/coverage-7.8.2-cp312-cp312-musllinux_1_2_x86_64.whl", hash = "sha256:9a990f6510b3292686713bfef26d0049cd63b9c7bb17e0864f133cbfd2e6167f", size = 244489 },
    { url = "https://files.pythonhosted.org/packages/79/fa/f3e7ec7d220bff14aba7a4786ae47043770cbdceeea1803083059c878837/coverage-7.8.2-cp312-cp312-win32.whl", hash = "sha256:bf8111cddd0f2b54d34e96613e7fbdd59a673f0cf5574b61134ae75b6f5a33b8", size = 214366 },
    { url = "https://files.pythonhosted.org/packages/54/aa/9cbeade19b7e8e853e7ffc261df885d66bf3a782c71cba06c17df271f9e6/coverage-7.8.2-cp312-cp312-win_amd64.whl", hash = "sha256:86a323a275e9e44cdf228af9b71c5030861d4d2610886ab920d9945672a81223", size = 215165 },
    { url = "https://files.pythonhosted.org/packages/c4/73/e2528bf1237d2448f882bbebaec5c3500ef07301816c5c63464b9da4d88a/coverage-7.8.2-cp312-cp312-win_arm64.whl", hash = "sha256:820157de3a589e992689ffcda8639fbabb313b323d26388d02e154164c57b07f", size = 213548 },
    { url = "https://files.pythonhosted.org/packages/1a/93/eb6400a745ad3b265bac36e8077fdffcf0268bdbbb6c02b7220b624c9b31/coverage-7.8.2-cp313-cp313-macosx_10_13_x86_64.whl", hash = "sha256:ea561010914ec1c26ab4188aef8b1567272ef6de096312716f90e5baa79ef8ca", size = 211898 },
    { url = "https://files.pythonhosted.org/packages/1b/7c/bdbf113f92683024406a1cd226a199e4200a2001fc85d6a6e7e299e60253/coverage-7.8.2-cp313-cp313-macosx_11_0_arm64.whl", hash = "sha256:cb86337a4fcdd0e598ff2caeb513ac604d2f3da6d53df2c8e368e07ee38e277d", size = 212171 },
    { url = "https://files.pythonhosted.org/packages/91/22/594513f9541a6b88eb0dba4d5da7d71596dadef6b17a12dc2c0e859818a9/coverage-7.8.2-cp313-cp313-manylinux_2_17_aarch64.manylinux2014_aarch64.whl", hash = "sha256:26a4636ddb666971345541b59899e969f3b301143dd86b0ddbb570bd591f1e85", size = 245564 },
    { url = "https://files.pythonhosted.org/packages/1f/f4/2860fd6abeebd9f2efcfe0fd376226938f22afc80c1943f363cd3c28421f/coverage-7.8.2-cp313-cp313-manylinux_2_5_i686.manylinux1_i686.manylinux_2_17_i686.manylinux2014_i686.whl", hash = "sha256:5040536cf9b13fb033f76bcb5e1e5cb3b57c4807fef37db9e0ed129c6a094257", size = 242719 },
    { url = "https://files.pythonhosted.org/packages/89/60/f5f50f61b6332451520e6cdc2401700c48310c64bc2dd34027a47d6ab4ca/coverage-7.8.2-cp313-cp313-manylinux_2_5_x86_64.manylinux1_x86_64.manylinux_2_17_x86_64.manylinux2014_x86_64.whl", hash = "sha256:dc67994df9bcd7e0150a47ef41278b9e0a0ea187caba72414b71dc590b99a108", size = 244634 },
    { url = "https://files.pythonhosted.org/packages/3b/70/7f4e919039ab7d944276c446b603eea84da29ebcf20984fb1fdf6e602028/coverage-7.8.2-cp313-cp313-musllinux_1_2_aarch64.whl", hash = "sha256:6e6c86888fd076d9e0fe848af0a2142bf606044dc5ceee0aa9eddb56e26895a0", size = 244824 },
    { url = "https://files.pythonhosted.org/packages/26/45/36297a4c0cea4de2b2c442fe32f60c3991056c59cdc3cdd5346fbb995c97/coverage-7.8.2-cp313-cp313-musllinux_1_2_i686.whl", hash = "sha256:684ca9f58119b8e26bef860db33524ae0365601492e86ba0b71d513f525e7050", size = 242872 },
    { url = "https://files.pythonhosted.org/packages/a4/71/e041f1b9420f7b786b1367fa2a375703889ef376e0d48de9f5723fb35f11/coverage-7.8.2-cp313-cp313-musllinux_1_2_x86_64.whl", hash = "sha256:8165584ddedb49204c4e18da083913bdf6a982bfb558632a79bdaadcdafd0d48", size = 244179 },
    { url = "https://files.pythonhosted.org/packages/bd/db/3c2bf49bdc9de76acf2491fc03130c4ffc51469ce2f6889d2640eb563d77/coverage-7.8.2-cp313-cp313-win32.whl", hash = "sha256:34759ee2c65362163699cc917bdb2a54114dd06d19bab860725f94ef45a3d9b7", size = 214393 },
    { url = "https://files.pythonhosted.org/packages/c6/dc/947e75d47ebbb4b02d8babb1fad4ad381410d5bc9da7cfca80b7565ef401/coverage-7.8.2-cp313-cp313-win_amd64.whl", hash = "sha256:2f9bc608fbafaee40eb60a9a53dbfb90f53cc66d3d32c2849dc27cf5638a21e3", size = 215194 },
    { url = "https://files.pythonhosted.org/packages/90/31/a980f7df8a37eaf0dc60f932507fda9656b3a03f0abf188474a0ea188d6d/coverage-7.8.2-cp313-cp313-win_arm64.whl", hash = "sha256:9fe449ee461a3b0c7105690419d0b0aba1232f4ff6d120a9e241e58a556733f7", size = 213580 },
    { url = "https://files.pythonhosted.org/packages/8a/6a/25a37dd90f6c95f59355629417ebcb74e1c34e38bb1eddf6ca9b38b0fc53/coverage-7.8.2-cp313-cp313t-macosx_10_13_x86_64.whl", hash = "sha256:8369a7c8ef66bded2b6484053749ff220dbf83cba84f3398c84c51a6f748a008", size = 212734 },
    { url = "https://files.pythonhosted.org/packages/36/8b/3a728b3118988725f40950931abb09cd7f43b3c740f4640a59f1db60e372/coverage-7.8.2-cp313-cp313t-macosx_11_0_arm64.whl", hash = "sha256:159b81df53a5fcbc7d45dae3adad554fdbde9829a994e15227b3f9d816d00b36", size = 212959 },
    { url = "https://files.pythonhosted.org/packages/53/3c/212d94e6add3a3c3f412d664aee452045ca17a066def8b9421673e9482c4/coverage-7.8.2-cp313-cp313t-manylinux_2_17_aarch64.manylinux2014_aarch64.whl", hash = "sha256:e6fcbbd35a96192d042c691c9e0c49ef54bd7ed865846a3c9d624c30bb67ce46", size = 257024 },
    { url = "https://files.pythonhosted.org/packages/a4/40/afc03f0883b1e51bbe804707aae62e29c4e8c8bbc365c75e3e4ddeee9ead/coverage-7.8.2-cp313-cp313t-manylinux_2_5_i686.manylinux1_i686.manylinux_2_17_i686.manylinux2014_i686.whl", hash = "sha256:05364b9cc82f138cc86128dc4e2e1251c2981a2218bfcd556fe6b0fbaa3501be", size = 252867 },
    { url = "https://files.pythonhosted.org/packages/18/a2/3699190e927b9439c6ded4998941a3c1d6fa99e14cb28d8536729537e307/coverage-7.8.2-cp313-cp313t-manylinux_2_5_x86_64.manylinux1_x86_64.manylinux_2_17_x86_64.manylinux2014_x86_64.whl", hash = "sha256:46d532db4e5ff3979ce47d18e2fe8ecad283eeb7367726da0e5ef88e4fe64740", size = 255096 },
    { url = "https://files.pythonhosted.org/packages/b4/06/16e3598b9466456b718eb3e789457d1a5b8bfb22e23b6e8bbc307df5daf0/coverage-7.8.2-cp313-cp313t-musllinux_1_2_aarch64.whl", hash = "sha256:4000a31c34932e7e4fa0381a3d6deb43dc0c8f458e3e7ea6502e6238e10be625", size = 256276 },
    { url = "https://files.pythonhosted.org/packages/a7/d5/4b5a120d5d0223050a53d2783c049c311eea1709fa9de12d1c358e18b707/coverage-7.8.2-cp313-cp313t-musllinux_1_2_i686.whl", hash = "sha256:43ff5033d657cd51f83015c3b7a443287250dc14e69910577c3e03bd2e06f27b", size = 254478 },
    { url = "https://files.pythonhosted.org/packages/ba/85/f9ecdb910ecdb282b121bfcaa32fa8ee8cbd7699f83330ee13ff9bbf1a85/coverage-7.8.2-cp313-cp313t-musllinux_1_2_x86_64.whl", hash = "sha256:94316e13f0981cbbba132c1f9f365cac1d26716aaac130866ca812006f662199", size = 255255 },
    { url = "https://files.pythonhosted.org/packages/50/63/2d624ac7d7ccd4ebbd3c6a9eba9d7fc4491a1226071360d59dd84928ccb2/coverage-7.8.2-cp313-cp313t-win32.whl", hash = "sha256:3f5673888d3676d0a745c3d0e16da338c5eea300cb1f4ada9c872981265e76d8", size = 215109 },
    { url = "https://files.pythonhosted.org/packages/22/5e/7053b71462e970e869111c1853afd642212568a350eba796deefdfbd0770/coverage-7.8.2-cp313-cp313t-win_amd64.whl", hash = "sha256:2c08b05ee8d7861e45dc5a2cc4195c8c66dca5ac613144eb6ebeaff2d502e73d", size = 216268 },
    { url = "https://files.pythonhosted.org/packages/07/69/afa41aa34147655543dbe96994f8a246daf94b361ccf5edfd5df62ce066a/coverage-7.8.2-cp313-cp313t-win_arm64.whl", hash = "sha256:1e1448bb72b387755e1ff3ef1268a06617afd94188164960dba8d0245a46004b", size = 214071 },
    { url = "https://files.pythonhosted.org/packages/a0/1a/0b9c32220ad694d66062f571cc5cedfa9997b64a591e8a500bb63de1bd40/coverage-7.8.2-py3-none-any.whl", hash = "sha256:726f32ee3713f7359696331a18daf0c3b3a70bb0ae71141b9d3c52be7c595e32", size = 203623 },
]

[[package]]
name = "iniconfig"
version = "2.1.0"
source = { registry = "https://pypi.org/simple" }
sdist = { url = "https://files.pythonhosted.org/packages/f2/97/ebf4da567aa6827c909642694d71c9fcf53e5b504f2d96afea02718862f3/iniconfig-2.1.0.tar.gz", hash = "sha256:3abbd2e30b36733fee78f9c7f7308f2d0050e88f0087fd25c2645f63c773e1c7", size = 4793 }
wheels = [
    { url = "https://files.pythonhosted.org/packages/2c/e1/e6716421ea10d38022b952c159d5161ca1193197fb744506875fbb87ea7b/iniconfig-2.1.0-py3-none-any.whl", hash = "sha256:9deba5723312380e77435581c6bf4935c94cbfab9b1ed33ef8d238ea168eb760", size = 6050 },
]

[[package]]
name = "loguru"
version = "0.7.3"
source = { registry = "https://pypi.org/simple" }
dependencies = [
    { name = "colorama", marker = "sys_platform == 'win32'" },
    { name = "win32-setctime", marker = "sys_platform == 'win32'" },
]
sdist = { url = "https://files.pythonhosted.org/packages/3a/05/a1dae3dffd1116099471c643b8924f5aa6524411dc6c63fdae648c4f1aca/loguru-0.7.3.tar.gz", hash = "sha256:19480589e77d47b8d85b2c827ad95d49bf31b0dcde16593892eb51dd18706eb6", size = 63559 }
wheels = [
    { url = "https://files.pythonhosted.org/packages/0c/29/0348de65b8cc732daa3e33e67806420b2ae89bdce2b04af740289c5c6c8c/loguru-0.7.3-py3-none-any.whl", hash = "sha256:31a33c10c8e1e10422bfd431aeb5d351c7cf7fa671e3c4df004162264b28220c", size = 61595 },
]

[[package]]
name = "packaging"
version = "25.0"
source = { registry = "https://pypi.org/simple" }
sdist = { url = "https://files.pythonhosted.org/packages/a1/d4/1fc4078c65507b51b96ca8f8c3ba19e6a61c8253c72794544580a7b6c24d/packaging-25.0.tar.gz", hash = "sha256:d443872c98d677bf60f6a1f2f8c1cb748e8fe762d2bf9d3148b5599295b0fc4f", size = 165727 }
wheels = [
    { url = "https://files.pythonhosted.org/packages/20/12/38679034af332785aac8774540895e234f4d07f7545804097de4b666afd8/packaging-25.0-py3-none-any.whl", hash = "sha256:29572ef2b1f17581046b3a2227d5c611fb25ec70ca1ba8554b24b0e69331a484", size = 66469 },
]

[[package]]
name = "pluggy"
version = "1.6.0"
source = { registry = "https://pypi.org/simple" }
sdist = { url = "https://files.pythonhosted.org/packages/f9/e2/3e91f31a7d2b083fe6ef3fa267035b518369d9511ffab804f839851d2779/pluggy-1.6.0.tar.gz", hash = "sha256:7dcc130b76258d33b90f61b658791dede3486c3e6bfb003ee5c9bfb396dd22f3", size = 69412 }
wheels = [
    { url = "https://files.pythonhosted.org/packages/54/20/4d324d65cc6d9205fabedc306948156824eb9f0ee1633355a8f7ec5c66bf/pluggy-1.6.0-py3-none-any.whl", hash = "sha256:e920276dd6813095e9377c0bc5566d94c932c33b27a3e3945d8389c374dd4746", size = 20538 },
]

[[package]]
name = "pytest"
version = "8.3.5"
source = { registry = "https://pypi.org/simple" }
dependencies = [
    { name = "colorama", marker = "sys_platform == 'win32'" },
    { name = "iniconfig" },
    { name = "packaging" },
    { name = "pluggy" },
]
sdist = { url = "https://files.pythonhosted.org/packages/ae/3c/c9d525a414d506893f0cd8a8d0de7706446213181570cdbd766691164e40/pytest-8.3.5.tar.gz", hash = "sha256:f4efe70cc14e511565ac476b57c279e12a855b11f48f212af1080ef2263d3845", size = 1450891 }
wheels = [
    { url = "https://files.pythonhosted.org/packages/30/3d/64ad57c803f1fa1e963a7946b6e0fea4a70df53c1a7fed304586539c2bac/pytest-8.3.5-py3-none-any.whl", hash = "sha256:c69214aa47deac29fad6c2a4f590b9c4a9fdb16a403176fe154b79c0b4d4d820", size = 343634 },
]

[[package]]
name = "pytest-cov"
version = "6.1.1"
source = { registry = "https://pypi.org/simple" }
dependencies = [
    { name = "coverage" },
    { name = "pytest" },
]
sdist = { url = "https://files.pythonhosted.org/packages/25/69/5f1e57f6c5a39f81411b550027bf72842c4567ff5fd572bed1edc9e4b5d9/pytest_cov-6.1.1.tar.gz", hash = "sha256:46935f7aaefba760e716c2ebfbe1c216240b9592966e7da99ea8292d4d3e2a0a", size = 66857 }
wheels = [
    { url = "https://files.pythonhosted.org/packages/28/d0/def53b4a790cfb21483016430ed828f64830dd981ebe1089971cd10cab25/pytest_cov-6.1.1-py3-none-any.whl", hash = "sha256:bddf29ed2d0ab6f4df17b4c55b0a657287db8684af9c42ea546b21b1041b3dde", size = 23841 },
]

[[package]]
name = "pythontemplate"
version = "0.1.0"
source = { editable = "." }
dependencies = [
    { name = "loguru" },
]

[package.dev-dependencies]
dev = [
    { name = "pytest" },
    { name = "pytest-cov" },
    { name = "ruff" },
    { name = "ty" },
]

[package.metadata]
requires-dist = [{ name = "loguru", specifier = ">=0.7.3" }]

[package.metadata.requires-dev]
dev = [
    { name = "pytest", specifier = ">=8.3.3" },
    { name = "pytest-cov", specifier = ">=6.0.0" },
    { name = "ruff", specifier = ">=0.7.3" },
    { name = "ty", specifier = ">=0.0.1a7" },
]

[[package]]
name = "ruff"
version = "0.11.12"
source = { registry = "https://pypi.org/simple" }
sdist = { url = "https://files.pythonhosted.org/packages/15/0a/92416b159ec00cdf11e5882a9d80d29bf84bba3dbebc51c4898bfbca1da6/ruff-0.11.12.tar.gz", hash = "sha256:43cf7f69c7d7c7d7513b9d59c5d8cafd704e05944f978614aa9faff6ac202603", size = 4202289 }
wheels = [
    { url = "https://files.pythonhosted.org/packages/60/cc/53eb79f012d15e136d40a8e8fc519ba8f55a057f60b29c2df34efd47c6e3/ruff-0.11.12-py3-none-linux_armv6l.whl", hash = "sha256:c7680aa2f0d4c4f43353d1e72123955c7a2159b8646cd43402de6d4a3a25d7cc", size = 10285597 },
    { url = "https://files.pythonhosted.org/packages/e7/d7/73386e9fb0232b015a23f62fea7503f96e29c29e6c45461d4a73bac74df9/ruff-0.11.12-py3-none-macosx_10_12_x86_64.whl", hash = "sha256:2cad64843da9f134565c20bcc430642de897b8ea02e2e79e6e02a76b8dcad7c3", size = 11053154 },
    { url = "https://files.pythonhosted.org/packages/4e/eb/3eae144c5114e92deb65a0cb2c72326c8469e14991e9bc3ec0349da1331c/ruff-0.11.12-py3-none-macosx_11_0_arm64.whl", hash = "sha256:9b6886b524a1c659cee1758140138455d3c029783d1b9e643f3624a5ee0cb0aa", size = 10403048 },
    { url = "https://files.pythonhosted.org/packages/29/64/20c54b20e58b1058db6689e94731f2a22e9f7abab74e1a758dfba058b6ca/ruff-0.11.12-py3-none-manylinux_2_17_aarch64.manylinux2014_aarch64.whl", hash = "sha256:3cc3a3690aad6e86c1958d3ec3c38c4594b6ecec75c1f531e84160bd827b2012", size = 10597062 },
    { url = "https://files.pythonhosted.org/packages/29/3a/79fa6a9a39422a400564ca7233a689a151f1039110f0bbbabcb38106883a/ruff-0.11.12-py3-none-manylinux_2_17_armv7l.manylinux2014_armv7l.whl", hash = "sha256:f97fdbc2549f456c65b3b0048560d44ddd540db1f27c778a938371424b49fe4a", size = 10155152 },
    { url = "https://files.pythonhosted.org/packages/e5/a4/22c2c97b2340aa968af3a39bc38045e78d36abd4ed3fa2bde91c31e712e3/ruff-0.11.12-py3-none-manylinux_2_17_i686.manylinux2014_i686.whl", hash = "sha256:74adf84960236961090e2d1348c1a67d940fd12e811a33fb3d107df61eef8fc7", size = 11723067 },
    { url = "https://files.pythonhosted.org/packages/bc/cf/3e452fbd9597bcd8058856ecd42b22751749d07935793a1856d988154151/ruff-0.11.12-py3-none-manylinux_2_17_ppc64.manylinux2014_ppc64.whl", hash = "sha256:b56697e5b8bcf1d61293ccfe63873aba08fdbcbbba839fc046ec5926bdb25a3a", size = 12460807 },
    { url = "https://files.pythonhosted.org/packages/2f/ec/8f170381a15e1eb7d93cb4feef8d17334d5a1eb33fee273aee5d1f8241a3/ruff-0.11.12-py3-none-manylinux_2_17_ppc64le.manylinux2014_ppc64le.whl", hash = "sha256:4d47afa45e7b0eaf5e5969c6b39cbd108be83910b5c74626247e366fd7a36a13", size = 12063261 },
    { url = "https://files.pythonhosted.org/packages/0d/bf/57208f8c0a8153a14652a85f4116c0002148e83770d7a41f2e90b52d2b4e/ruff-0.11.12-py3-none-manylinux_2_17_s390x.manylinux2014_s390x.whl", hash = "sha256:692bf9603fe1bf949de8b09a2da896f05c01ed7a187f4a386cdba6760e7f61be", size = 11329601 },
    { url = "https://files.pythonhosted.org/packages/c3/56/edf942f7fdac5888094d9ffa303f12096f1a93eb46570bcf5f14c0c70880/ruff-0.11.12-py3-none-manylinux_2_17_x86_64.manylinux2014_x86_64.whl", hash = "sha256:08033320e979df3b20dba567c62f69c45e01df708b0f9c83912d7abd3e0801cd", size = 11522186 },
    { url = "https://files.pythonhosted.org/packages/ed/63/79ffef65246911ed7e2290aeece48739d9603b3a35f9529fec0fc6c26400/ruff-0.11.12-py3-none-musllinux_1_2_aarch64.whl", hash = "sha256:929b7706584f5bfd61d67d5070f399057d07c70585fa8c4491d78ada452d3bef", size = 10449032 },
    { url = "https://files.pythonhosted.org/packages/88/19/8c9d4d8a1c2a3f5a1ea45a64b42593d50e28b8e038f1aafd65d6b43647f3/ruff-0.11.12-py3-none-musllinux_1_2_armv7l.whl", hash = "sha256:7de4a73205dc5756b8e09ee3ed67c38312dce1aa28972b93150f5751199981b5", size = 10129370 },
    { url = "https://files.pythonhosted.org/packages/bc/0f/2d15533eaa18f460530a857e1778900cd867ded67f16c85723569d54e410/ruff-0.11.12-py3-none-musllinux_1_2_i686.whl", hash = "sha256:2635c2a90ac1b8ca9e93b70af59dfd1dd2026a40e2d6eebaa3efb0465dd9cf02", size = 11123529 },
    { url = "https://files.pythonhosted.org/packages/4f/e2/4c2ac669534bdded835356813f48ea33cfb3a947dc47f270038364587088/ruff-0.11.12-py3-none-musllinux_1_2_x86_64.whl", hash = "sha256:d05d6a78a89166f03f03a198ecc9d18779076ad0eec476819467acb401028c0c", size = 11577642 },
    { url = "https://files.pythonhosted.org/packages/a7/9b/c9ddf7f924d5617a1c94a93ba595f4b24cb5bc50e98b94433ab3f7ad27e5/ruff-0.11.12-py3-none-win32.whl", hash = "sha256:f5a07f49767c4be4772d161bfc049c1f242db0cfe1bd976e0f0886732a4765d6", size = 10475511 },
    { url = "https://files.pythonhosted.org/packages/fd/d6/74fb6d3470c1aada019ffff33c0f9210af746cca0a4de19a1f10ce54968a/ruff-0.11.12-py3-none-win_amd64.whl", hash = "sha256:5a4d9f8030d8c3a45df201d7fb3ed38d0219bccd7955268e863ee4a115fa0832", size = 11523573 },
    { url = "https://files.pythonhosted.org/packages/44/42/d58086ec20f52d2b0140752ae54b355ea2be2ed46f914231136dd1effcc7/ruff-0.11.12-py3-none-win_arm64.whl", hash = "sha256:65194e37853158d368e333ba282217941029a28ea90913c67e558c611d04daa5", size = 10697770 },
]

[[package]]
name = "ty"
version = "0.0.1a7"
source = { registry = "https://pypi.org/simple" }
sdist = { url = "https://files.pythonhosted.org/packages/c4/c1/7d47b8b385bc5b43e3b3ec33305643b01e7e5dc061d9a9a2921d100d5ce5/ty-0.0.1a7.tar.gz", hash = "sha256:826945b5259d36276b5ac743d9ce660a97488fc87f9fe9679f9bf7084521c01f", size = 2909489 }
wheels = [
    { url = "https://files.pythonhosted.org/packages/e2/50/e8946b957e0317674fff40470e3b4bf57ff5bf37359e75ac3e0f17c89870/ty-0.0.1a7-py3-none-linux_armv6l.whl", hash = "sha256:f9d825914fa6cfe124b1c9c104cd2f69b186919a4fc41d1b04caaf84f9c805b7", size = 6209330 },
    { url = "https://files.pythonhosted.org/packages/b3/23/f95ecc00e714ab24ff3db1c4b97e2a40a3512db6b08be12efe2974b92951/ty-0.0.1a7-py3-none-macosx_10_12_x86_64.whl", hash = "sha256:7f72619d6a1c2fd643d58f134fb490182a215307d58cf78ad6b119bace16bf31", size = 6328658 },
    { url = "https://files.pythonhosted.org/packages/f1/5c/2197b709ae6157820f2285a304a75577f406768fdc9ed2c609895c0762e1/ty-0.0.1a7-py3-none-macosx_11_0_arm64.whl", hash = "sha256:5802e366963b1d39425cdb4a9246ad66cf9400b1eefa9250c45461bcf8606eb0", size = 5993507 },
    { url = "https://files.pythonhosted.org/packages/a2/c4/e8c2aba56a00d387d95b1acffaa2bc1d68044530d98cf705da743efa349a/ty-0.0.1a7-py3-none-manylinux_2_17_aarch64.manylinux2014_aarch64.whl", hash = "sha256:b19954624f6f8c6981ed082a7ce6050ea1842cc3c3fb232cbc38b4148e83d740", size = 6123469 },
    { url = "https://files.pythonhosted.org/packages/08/cc/31daab25e93ca9341d69c6171d2190e69057f2c809e03c4034ee02798664/ty-0.0.1a7-py3-none-manylinux_2_17_armv7l.manylinux2014_armv7l.whl", hash = "sha256:15798a8feb68401cc323083a54680d8af1a5988578258c2eba33859351eb5c50", size = 6093963 },
    { url = "https://files.pythonhosted.org/packages/cd/33/766c73bde1125aa454c2f0c6f9f29ae058fc74d44c6b1322dd2d71da9bb3/ty-0.0.1a7-py3-none-manylinux_2_17_i686.manylinux2014_i686.whl", hash = "sha256:38674b4c216bce14df142069e9eff093ad6adc474c96cc2313f80965e1d71d0c", size = 6787657 },
    { url = "https://files.pythonhosted.org/packages/1f/e2/67b379bc8f55b20e791807e9f867268fe1b4e632b1a01c3b0971bf913479/ty-0.0.1a7-py3-none-manylinux_2_17_ppc64.manylinux2014_ppc64.whl", hash = "sha256:4711bad6e84170580d264ae8f31f00faab6e45dc38ddebbfeb5b82338488c84b", size = 7214322 },
    { url = "https://files.pythonhosted.org/packages/0c/49/aaf090c5c066c63ea68dbf8342606eea4e443e05a0cda1fdf04296733dda/ty-0.0.1a7-py3-none-manylinux_2_17_ppc64le.manylinux2014_ppc64le.whl", hash = "sha256:1805fd176c623e2c5beddc43fc5b357b653673a4a29bf0b30fd1d1e399ce8c0d", size = 6892732 },
    { url = "https://files.pythonhosted.org/packages/6c/5e/1b9b522e12c2ac08a7ff3de49313860c390009a93bca094e45b996ecce8c/ty-0.0.1a7-py3-none-manylinux_2_17_s390x.manylinux2014_s390x.whl", hash = "sha256:86ef9b9a42d3ad386b7d585e3b3f22b506d550407a35e424dadb24c60630de8e", size = 6781645 },
    { url = "https://files.pythonhosted.org/packages/46/f1/d6f2d3ffcbce96a1bc6aaacd79f23c478e0b86d4f16d85b35c90ceed48ed/ty-0.0.1a7-py3-none-manylinux_2_17_x86_64.manylinux2014_x86_64.whl", hash = "sha256:6239ae28d34796ce54b8ffa9c971399170d41039bc7a692b9ccc1ca43210b25d", size = 6605269 },
    { url = "https://files.pythonhosted.org/packages/35/a0/6ff5247b8c316ac1d63be0922549b17dcaccecc22b23c37db281aaef8adb/ty-0.0.1a7-py3-none-musllinux_1_2_aarch64.whl", hash = "sha256:2e0ba8a1187e413c7e536a5dadd340a4cd273b2ac3bbe3a2c76dbcbc5c28acfb", size = 6046599 },
    { url = "https://files.pythonhosted.org/packages/e7/a6/5a196598c0a25fb4b8705ed09baf8adf60221f39544b1941084b0580368c/ty-0.0.1a7-py3-none-musllinux_1_2_armv7l.whl", hash = "sha256:acf6a8aa797a1578d74b453190076f07192a1e5ca72cfe42b1b63a2904a1ecd4", size = 6115961 },
    { url = "https://files.pythonhosted.org/packages/ca/02/5f74d8dd9f6367419393fc55fbb2929a183a582ac1e82df1dd021c30700a/ty-0.0.1a7-py3-none-musllinux_1_2_i686.whl", hash = "sha256:069a89f2a51c2ee8797c6ce0d7d16ced0045bcc558ad335948fa6d2787c10292", size = 6492053 },
    { url = "https://files.pythonhosted.org/packages/77/34/1c31eebe1c54a33802b1b4ba485805f0d04e42fab6ac97a68b63c9e1febd/ty-0.0.1a7-py3-none-musllinux_1_2_x86_64.whl", hash = "sha256:b406a7f83757e027937a1b6b2fa02e53ba8ce587cbb37fb527a508251a3ce9f0", size = 6665996 },
    { url = "https://files.pythonhosted.org/packages/61/36/cf0075f7de2bd3c9821ac54b749c91f5f3f181326cdab88a8c6a095340a8/ty-0.0.1a7-py3-none-win32.whl", hash = "sha256:02f9e82bc3180ca6d72cca780ac5909b97753cfb1d4abfb0e6fd8cf2190dd2c5", size = 5924237 },
    { url = "https://files.pythonhosted.org/packages/2c/49/02aec0611f6967087d562a87ffc218b8f9c8c9bba205a67a24d142e8c9e0/ty-0.0.1a7-py3-none-win_amd64.whl", hash = "sha256:b6cea4d80b4cbdfa21c04b4e2bcbe964dcd781462165d3c06b84781b046a163f", size = 6407997 },
    { url = "https://files.pythonhosted.org/packages/4a/94/e048fd4d5bd3f9518dcbc07e83b06a286512db310df17262af8adc32a29d/ty-0.0.1a7-py3-none-win_arm64.whl", hash = "sha256:b5a40b77f91bf86d4a2d6740e2ba1b09ae70e94d152074a7a6bc80aafe83bb06", size = 6061856 },
]

[[package]]
name = "win32-setctime"
version = "1.2.0"
source = { registry = "https://pypi.org/simple" }
sdist = { url = "https://files.pythonhosted.org/packages/b3/8f/705086c9d734d3b663af0e9bb3d4de6578d08f46b1b101c2442fd9aecaa2/win32_setctime-1.2.0.tar.gz", hash = "sha256:ae1fdf948f5640aae05c511ade119313fb6a30d7eabe25fef9764dca5873c4c0", size = 4867 }
wheels = [
    { url = "https://files.pythonhosted.org/packages/e1/07/c6fe3ad3e685340704d314d765b7912993bcb8dc198f0e7a89382d37974b/win32_setctime-1.2.0-py3-none-any.whl", hash = "sha256:95d644c4e708aba81dc3704a116d8cbc974d70b3bdb8be1d150e36be6e9d1390", size = 4083 },
]
